
Microsoft Visual Studio Solution File, Format Version 12.00
# Visual Studio Version 17
VisualStudioVersion = 17.1.32319.34
MinimumVisualStudioVersion = 10.0.40219.1
Project("{FAE04EC0-301F-11D3-BF4B-00C04F79EFBC}") = "ObjectCreator", "WindowsFormsApp1\ObjectCreator.csproj", "{67D1EB06-98D0-4811-A6E3-3AAB30380501}"
EndProject
Project("{2150E333-8FDC-42A3-9474-1A3956D46DE8}") = "Solution Items", "Solution Items", "{19246D4C-2FB8-43A9-A423-9A481F0B1AAA}"
	ProjectSection(SolutionItems) = preProject
		.editorconfig = .editorconfig
	EndProjectSection
EndProject
Global
	GlobalSection(SolutionConfigurationPlatforms) = preSolution
		Debug|Any CPU = Debug|Any CPU
		Release|Any CPU = Release|Any CPU
	EndGlobalSection
	GlobalSection(ProjectConfigurationPlatforms) = postSolution
		{67D1EB06-98D0-4811-A6E3-3AAB30380501}.Debug|Any CPU.ActiveCfg = Debug|Any CPU
		{67D1EB06-98D0-4811-A6E3-3AAB30380501}.Debug|Any CPU.Build.0 = Debug|Any CPU
		{67D1EB06-98D0-4811-A6E3-3AAB30380501}.Release|Any CPU.ActiveCfg = Release|Any CPU
		{67D1EB06-98D0-4811-A6E3-3AAB30380501}.Release|Any CPU.Build.0 = Release|Any CPU
	EndGlobalSection
	GlobalSection(SolutionProperties) = preSolution
		HideSolutionNode = FALSE
	EndGlobalSection
	GlobalSection(ExtensibilityGlobals) = postSolution
		SolutionGuid = {3A53F1EB-E7BE-4C18-916E-969BC4668F5C}
	EndGlobalSection
EndGlobal
